
Microsoft Visual Studio Solution File, Format Version 12.00
# Visual Studio 15
VisualStudioVersion = 15.0.28307.572
MinimumVisualStudioVersion = 10.0.40219.1
Project("{FAE04EC0-301F-11D3-BF4B-00C04F79EFBC}") = "LinqToObjects", "LinqToObjects\LinqToObjects.csproj", "{9A987E53-E337-4500-9F2A-4D30C8EA81F9}"
EndProject
Global
	GlobalSection(SolutionConfigurationPlatforms) = preSolution
		Debug|Any CPU = Debug|Any CPU
		Release|Any CPU = Release|Any CPU
	EndGlobalSection
	GlobalSection(ProjectConfigurationPlatforms) = postSolution
		{9A987E53-E337-4500-9F2A-4D30C8EA81F9}.Debug|Any CPU.ActiveCfg = Debug|Any CPU
		{9A987E53-E337-4500-9F2A-4D30C8EA81F9}.Debug|Any CPU.Build.0 = Debug|Any CPU
		{9A987E53-E337-4500-9F2A-4D30C8EA81F9}.Release|Any CPU.ActiveCfg = Release|Any CPU
		{9A987E53-E337-4500-9F2A-4D30C8EA81F9}.Release|Any CPU.Build.0 = Release|Any CPU
	EndGlobalSection
	GlobalSection(SolutionProperties) = preSolution
		HideSolutionNode = FALSE
	EndGlobalSection
	GlobalSection(ExtensibilityGlobals) = postSolution
		SolutionGuid = {E81C2B46-080D-451F-B810-6C5DE7B8F965}
	EndGlobalSection
EndGlobal
